{
  "name": "proovd-app",
  "version": "0.0.0",
  "lockfileVersion": 3,
  "requires": true,
  "packages": {
    "": {
      "name": "proovd-app",
      "version": "0.0.0",
      "workspaces": [
        "shared",
        "frontend",
        "backend"
      ],
      "engines": {
        "node": ">=20"
      }
    },
    "backend": {
      "name": "@proovd/backend",
      "version": "0.0.0"
    },
    "frontend": {
      "name": "@proovd/frontend",
      "version": "0.0.0"
    },
    "node_modules/@proovd/backend": {
      "resolved": "backend",
      "link": true
    },
    "node_modules/@proovd/frontend": {
      "resolved": "frontend",
      "link": true
    },
    "node_modules/@proovd/shared": {
      "resolved": "shared",
      "link": true
    },
    "shared": {
      "name": "@proovd/shared",
      "version": "0.0.0"
    }
  }
}
